// !$*UTF8*$!
{
	archiveVersion = 1;
	classes = {
	};
	objectVersion = 50;
	objects = {

/* Begin PBXBuildFile section */
		5B285DE5210AD40800610D2A /* FlightPlan.swift in Sources */ = {isa = PBXBuildFile; fileRef = 5B285DE4210AD40800610D2A /* FlightPlan.swift */; };
		5B285DE9210AF02400610D2A /* Print.swift in Sources */ = {isa = PBXBuildFile; fileRef = 5B285DE8210AF02400610D2A /* Print.swift */; };
		5B285DEB210B00F600610D2A /* PlanePoints.swift in Sources */ = {isa = PBXBuildFile; fileRef = 5B285DEA210B00F600610D2A /* PlanePoints.swift */; };
		5BE667E320B6A66F00720EAA /* AppDelegate.swift in Sources */ = {isa = PBXBuildFile; fileRef = 5BE667E220B6A66F00720EAA /* AppDelegate.swift */; };
		5BE667E520B6A66F00720EAA /* ViewController.swift in Sources */ = {isa = PBXBuildFile; fileRef = 5BE667E420B6A66F00720EAA /* ViewController.swift */; };
		5BE667E820B6A66F00720EAA /* Main.storyboard in Resources */ = {isa = PBXBuildFile; fileRef = 5BE667E620B6A66F00720EAA /* Main.storyboard */; };
		5BE667EA20B6A67200720EAA /* Assets.xcassets in Resources */ = {isa = PBXBuildFile; fileRef = 5BE667E920B6A67200720EAA /* Assets.xcassets */; };
		5BE667ED20B6A67200720EAA /* LaunchScreen.storyboard in Resources */ = {isa = PBXBuildFile; fileRef = 5BE667EB20B6A67200720EAA /* LaunchScreen.storyboard */; };
		5BE667F720B6A99F00720EAA /* Plane.swift in Sources */ = {isa = PBXBuildFile; fileRef = 5BE667F620B6A99F00720EAA /* Plane.swift */; };
/* End PBXBuildFile section */

/* Begin PBXFileReference section */
		5B285DE4210AD40800610D2A /* FlightPlan.swift */ = {isa = PBXFileReference; lastKnownFileType = sourcecode.swift; path = FlightPlan.swift; sourceTree = "<group>"; };
		5B285DE8210AF02400610D2A /* Print.swift */ = {isa = PBXFileReference; lastKnownFileType = sourcecode.swift; path = Print.swift; sourceTree = "<group>"; };
		5B285DEA210B00F600610D2A /* PlanePoints.swift */ = {isa = PBXFileReference; lastKnownFileType = sourcecode.swift; path = PlanePoints.swift; sourceTree = "<group>"; };
		5BE667DF20B6A66F00720EAA /* SwiftCodable.app */ = {isa = PBXFileReference; explicitFileType = wrapper.application; includeInIndex = 0; path = SwiftCodable.app; sourceTree = BUILT_PRODUCTS_DIR; };
		5BE667E220B6A66F00720EAA /* AppDelegate.swift */ = {isa = PBXFileReference; lastKnownFileType = sourcecode.swift; path = AppDelegate.swift; sourceTree = "<group>"; };
		5BE667E420B6A66F00720EAA /* ViewController.swift */ = {isa = PBXFileReference; lastKnownFileType = sourcecode.swift; path = ViewController.swift; sourceTree = "<group>"; };
		5BE667E720B6A66F00720EAA /* Base */ = {isa = PBXFileReference; lastKnownFileType = file.storyboard; name = Base; path = Base.lproj/Main.storyboard; sourceTree = "<group>"; };
		5BE667E920B6A67200720EAA /* Assets.xcassets */ = {isa = PBXFileReference; lastKnownFileType = folder.assetcatalog; path = Assets.xcassets; sourceTree = "<group>"; };
		5BE667EC20B6A67200720EAA /* Base */ = {isa = PBXFileReference; lastKnownFileType = file.storyboard; name = Base; path = Base.lproj/LaunchScreen.storyboard; sourceTree = "<group>"; };
		5BE667EE20B6A67200720EAA /* Info.plist */ = {isa = PBXFileReference; lastKnownFileType = text.plist.xml; path = Info.plist; sourceTree = "<group>"; };
		5BE667F620B6A99F00720EAA /* Plane.swift */ = {isa = PBXFileReference; lastKnownFileType = sourcecode.swift; path = Plane.swift; sourceTree = "<group>"; };
/* End PBXFileReference section */

/* Begin PBXFrameworksBuildPhase section */
		5BE667DC20B6A66F00720EAA /* Frameworks */ = {
			isa = PBXFrameworksBuildPhase;
			buildActionMask = 2147483647;
			files = (
			);
			runOnlyForDeploymentPostprocessing = 0;
		};
/* End PBXFrameworksBuildPhase section */

/* Begin PBXGroup section */
		5BE667D620B6A66F00720EAA = {
			isa = PBXGroup;
			children = (
				5BE667E120B6A66F00720EAA /* SwiftCodable */,
				5BE667E020B6A66F00720EAA /* Products */,
			);
			sourceTree = "<group>";
		};
		5BE667E020B6A66F00720EAA /* Products */ = {
			isa = PBXGroup;
			children = (
				5BE667DF20B6A66F00720EAA /* SwiftCodable.app */,
			);
			name = Products;
			sourceTree = "<group>";
		};
		5BE667E120B6A66F00720EAA /* SwiftCodable */ = {
			isa = PBXGroup;
			children = (
				5BE667E220B6A66F00720EAA /* AppDelegate.swift */,
				5BE667E420B6A66F00720EAA /* ViewController.swift */,
				5B285DE8210AF02400610D2A /* Print.swift */,
				5BE667F620B6A99F00720EAA /* Plane.swift */,
				5B285DE4210AD40800610D2A /* FlightPlan.swift */,
				5B285DEA210B00F600610D2A /* PlanePoints.swift */,
				5BE667E620B6A66F00720EAA /* Main.storyboard */,
				5BE667E920B6A67200720EAA /* Assets.xcassets */,
				5BE667EB20B6A67200720EAA /* LaunchScreen.storyboard */,
				5BE667EE20B6A67200720EAA /* Info.plist */,
			);
			path = SwiftCodable;
			sourceTree = "<group>";
		};
/* End PBXGroup section */

/* Begin PBXNativeTarget section */
		5BE667DE20B6A66F00720EAA /* SwiftCodable */ = {
			isa = PBXNativeTarget;
			buildConfigurationList = 5BE667F120B6A67200720EAA /* Build configuration list for PBXNativeTarget "SwiftCodable" */;
			buildPhases = (
				5BE667DB20B6A66F00720EAA /* Sources */,
				5BE667DC20B6A66F00720EAA /* Frameworks */,
				5BE667DD20B6A66F00720EAA /* Resources */,
			);
			buildRules = (
			);
			dependencies = (
			);
			name = SwiftCodable;
			productName = SwiftCodable;
			productReference = 5BE667DF20B6A66F00720EAA /* SwiftCodable.app */;
			productType = "com.apple.product-type.application";
		};
/* End PBXNativeTarget section */

/* Begin PBXProject section */
		5BE667D720B6A66F00720EAA /* Project object */ = {
			isa = PBXProject;
			attributes = {
				LastSwiftUpdateCheck = 0930;
				LastUpgradeCheck = 0930;
				ORGANIZATIONNAME = Kuroky;
				TargetAttributes = {
					5BE667DE20B6A66F00720EAA = {
						CreatedOnToolsVersion = 9.3.1;
					};
				};
			};
			buildConfigurationList = 5BE667DA20B6A66F00720EAA /* Build configuration list for PBXProject "SwiftCodable" */;
			compatibilityVersion = "Xcode 9.3";
			developmentRegion = en;
			hasScannedForEncodings = 0;
			knownRegions = (
				en,
				Base,
			);
			mainGroup = 5BE667D620B6A66F00720EAA;
			productRefGroup = 5BE667E020B6A66F00720EAA /* Products */;
			projectDirPath = "";
			projectRoot = "";
			targets = (
				5BE667DE20B6A66F00720EAA /* SwiftCodable */,
			);
		};
/* End PBXProject section */

/* Begin PBXResourcesBuildPhase section */
		5BE667DD20B6A66F00720EAA /* Resources */ = {
			isa = PBXResourcesBuildPhase;
			buildActionMask = 2147483647;
			files = (
				5BE667ED20B6A67200720EAA /* LaunchScreen.storyboard in Resources */,
				5BE667EA20B6A67200720EAA /* Assets.xcassets in Resources */,
				5BE667E820B6A66F00720EAA /* Main.storyboard in Resources */,
			);
			runOnlyForDeploymentPostprocessing = 0;
		};
/* End PBXResourcesBuildPhase section */

/* Begin PBXSourcesBuildPhase section */
		5BE667DB20B6A66F00720EAA /* Sources */ = {
			isa = PBXSourcesBuildPhase;
			buildActionMask = 2147483647;
			files = (
				5B285DE5210AD40800610D2A /* FlightPlan.swift in Sources */,
				5B285DEB210B00F600610D2A /* PlanePoints.swift in Sources */,
				5BE667E520B6A66F00720EAA /* ViewController.swift in Sources */,
				5B285DE9210AF02400610D2A /* Print.swift in Sources */,
				5BE667F720B6A99F00720EAA /* Plane.swift in Sources */,
				5BE667E320B6A66F00720EAA /* AppDelegate.swift in Sources */,
			);
			runOnlyForDeploymentPostprocessing = 0;
		};
/* End PBXSourcesBuildPhase section */

/* Begin PBXVariantGroup section */
		5BE667E620B6A66F00720EAA /* Main.storyboard */ = {
			isa = PBXVariantGroup;
			children = (
				5BE667E720B6A66F00720EAA /* Base */,
			);
			name = Main.storyboard;
			sourceTree = "<group>";
		};
		5BE667EB20B6A67200720EAA /* LaunchScreen.storyboard */ = {
			isa = PBXVariantGroup;
			children = (
				5BE667EC20B6A67200720EAA /* Base */,
			);
			name = LaunchScreen.storyboard;
			sourceTree = "<group>";
		};
/* End PBXVariantGroup section */

/* Begin XCBuildConfiguration section */
		5BE667EF20B6A67200720EAA /* Debug */ = {
			isa = XCBuildConfiguration;
			buildSettings = {
				ALWAYS_SEARCH_USER_PATHS = NO;
				CLANG_ANALYZER_NONNULL = YES;
				CLANG_ANALYZER_NUMBER_OBJECT_CONVERSION = YES_AGGRESSIVE;
				CLANG_CXX_LANGUAGE_STANDARD = "gnu++14";
				CLANG_CXX_LIBRARY = "libc++";
				CLANG_ENABLE_MODULES = YES;
				CLANG_ENABLE_OBJC_ARC = YES;
				CLANG_ENABLE_OBJC_WEAK = YES;
				CLANG_WARN_BLOCK_CAPTURE_AUTORELEASING = YES;
				CLANG_WARN_BOOL_CONVERSION = YES;
				CLANG_WARN_COMMA = YES;
				CLANG_WARN_CONSTANT_CONVERSION = YES;
				CLANG_WARN_DEPRECATED_OBJC_IMPLEMENTATIONS = YES;
				CLANG_WARN_DIRECT_OBJC_ISA_USAGE = YES_ERROR;
				CLANG_WARN_DOCUMENTATION_COMMENTS = YES;
				CLANG_WARN_EMPTY_BODY = YES;
				CLANG_WARN_ENUM_CONVERSION = YES;
				CLANG_WARN_INFINITE_RECURSION = YES;
				CLANG_WARN_INT_CONVERSION = YES;
				CLANG_WARN_NON_LITERAL_NULL_CONVERSION = YES;
				CLANG_WARN_OBJC_IMPLICIT_RETAIN_SELF = YES;
				CLANG_WARN_OBJC_LITERAL_CONVERSION = YES;
				CLANG_WARN_OBJC_ROOT_CLASS = YES_ERROR;
				CLANG_WARN_RANGE_LOOP_ANALYSIS = YES;
				CLANG_WARN_STRICT_PROTOTYPES = YES;
				CLANG_WARN_SUSPICIOUS_MOVE = YES;
				CLANG_WARN_UNGUARDED_AVAILABILITY = YES_AGGRESSIVE;
				CLANG_WARN_UNREACHABLE_CODE = YES;
				CLANG_WARN__DUPLICATE_METHOD_MATCH = YES;
				CODE_SIGN_IDENTITY = "iPhone Developer";
				COPY_PHASE_STRIP = NO;
				DEBUG_INFORMATION_FORMAT = dwarf;
				ENABLE_STRICT_OBJC_MSGSEND = YES;
				ENABLE_TESTABILITY = YES;
				GCC_C_LANGUAGE_STANDARD = gnu11;
				GCC_DYNAMIC_NO_PIC = NO;
				GCC_NO_COMMON_BLOCKS = YES;
				GCC_OPTIMIZATION_LEVEL = 0;
				GCC_PREPROCESSOR_DEFINITIONS = (
					"DEBUG=1",
					"$(inherited)",
				);
				GCC_WARN_64_TO_32_BIT_CONVERSION = YES;
				GCC_WARN_ABOUT_RETURN_TYPE = YES_ERROR;
				GCC_WARN_UNDECLARED_SELECTOR = YES;
				GCC_WARN_UNINITIALIZED_AUTOS = YES_AGGRESSIVE;
				GCC_WARN_UNUSED_FUNCTION = YES;
				GCC_WARN_UNUSED_VARIABLE = YES;
				IPHONEOS_DEPLOYMENT_TARGET = 11.3;
				MTL_ENABLE_DEBUG_INFO = YES;
				ONLY_ACTIVE_ARCH = YES;
				SDKROOT = iphoneos;
				SWIFT_ACTIVE_COMPILATION_CONDITIONS = DEBUG;
				SWIFT_OPTIMIZATION_LEVEL = "-Onone";
			};
			name = Debug;
		};
		5BE667F020B6A67200720EAA /* Release */ = {
			isa = XCBuildConfiguration;
			buildSettings = {
				ALWAYS_SEARCH_USER_PATHS = NO;
				CLANG_ANALYZER_NONNULL = YES;
				CLANG_ANALYZER_NUMBER_OBJECT_CONVERSION = YES_AGGRESSIVE;
				CLANG_CXX_LANGUAGE_STANDARD = "gnu++14";
				CLANG_CXX_LIBRARY = "libc++";
				CLANG_ENABLE_MODULES = YES;
				CLANG_ENABLE_OBJC_ARC = YES;
				CLANG_ENABLE_OBJC_WEAK = YES;
				CLANG_WARN_BLOCK_CAPTURE_AUTORELEASING = YES;
				CLANG_WARN_BOOL_CONVERSION = YES;
				CLANG_WARN_COMMA = YES;
				CLANG_WARN_CONSTANT_CONVERSION = YES;
				CLANG_WARN_DEPRECATED_OBJC_IMPLEMENTATIONS = YES;
				CLANG_WARN_DIRECT_OBJC_ISA_USAGE = YES_ERROR;
				CLANG_WARN_DOCUMENTATION_COMMENTS = YES;
				CLANG_WARN_EMPTY_BODY = YES;
				CLANG_WARN_ENUM_CONVERSION = YES;
				CLANG_WARN_INFINITE_RECURSION = YES;
				CLANG_WARN_INT_CONVERSION = YES;
				CLANG_WARN_NON_LITERAL_NULL_CONVERSION = YES;
				CLANG_WARN_OBJC_IMPLICIT_RETAIN_SELF = YES;
				CLANG_WARN_OBJC_LITERAL_CONVERSION = YES;
				CLANG_WARN_OBJC_ROOT_CLASS = YES_ERROR;
				CLANG_WARN_RANGE_LOOP_ANALYSIS = YES;
				CLANG_WARN_STRICT_PROTOTYPES = YES;
				CLANG_WARN_SUSPICIOUS_MOVE = YES;
				CLANG_WARN_UNGUARDED_AVAILABILITY = YES_AGGRESSIVE;
				CLANG_WARN_UNREACHABLE_CODE = YES;
				CLANG_WARN__DUPLICATE_METHOD_MATCH = YES;
				CODE_SIGN_IDENTITY = "iPhone Developer";
				COPY_PHASE_STRIP = NO;
				DEBUG_INFORMATION_FORMAT = "dwarf-with-dsym";
				ENABLE_NS_ASSERTIONS = NO;
				ENABLE_STRICT_OBJC_MSGSEND = YES;
				GCC_C_LANGUAGE_STANDARD = gnu11;
				GCC_NO_COMMON_BLOCKS = YES;
				GCC_WARN_64_TO_32_BIT_CONVERSION = YES;
				GCC_WARN_ABOUT_RETURN_TYPE = YES_ERROR;
				GCC_WARN_UNDECLARED_SELECTOR = YES;
				GCC_WARN_UNINITIALIZED_AUTOS = YES_AGGRESSIVE;
				GCC_WARN_UNUSED_FUNCTION = YES;
				GCC_WARN_UNUSED_VARIABLE = YES;
				IPHONEOS_DEPLOYMENT_TARGET = 11.3;
				MTL_ENABLE_DEBUG_INFO = NO;
				SDKROOT = iphoneos;
				SWIFT_COMPILATION_MODE = wholemodule;
				SWIFT_OPTIMIZATION_LEVEL = "-O";
				VALIDATE_PRODUCT = YES;
			};
			name = Release;
		};
		5BE667F220B6A67200720EAA /* Debug */ = {
			isa = XCBuildConfiguration;
			buildSettings = {
				ASSETCATALOG_COMPILER_APPICON_NAME = AppIcon;
				CODE_SIGN_STYLE = Automatic;
				DEVELOPMENT_TEAM = DCBW8CKASN;
				INFOPLIST_FILE = SwiftCodable/Info.plist;
				LD_RUNPATH_SEARCH_PATHS = (
					"$(inherited)",
					"@executable_path/Frameworks",
				);
				PRODUCT_BUNDLE_IDENTIFIER = com.kuroky.SwiftCodable;
				PRODUCT_NAME = "$(TARGET_NAME)";
				SWIFT_VERSION = 4.0;
				TARGETED_DEVICE_FAMILY = "1,2";
			};
			name = Debug;
		};
		5BE667F320B6A67200720EAA /* Release */ = {
			isa = XCBuildConfiguration;
			buildSettings = {
				ASSETCATALOG_COMPILER_APPICON_NAME = AppIcon;
				CODE_SIGN_STYLE = Automatic;
				DEVELOPMENT_TEAM = DCBW8CKASN;
				INFOPLIST_FILE = SwiftCodable/Info.plist;
				LD_RUNPATH_SEARCH_PATHS = (
					"$(inherited)",
					"@executable_path/Frameworks",
				);
				PRODUCT_BUNDLE_IDENTIFIER = com.kuroky.SwiftCodable;
				PRODUCT_NAME = "$(TARGET_NAME)";
				SWIFT_VERSION = 4.0;
				TARGETED_DEVICE_FAMILY = "1,2";
			};
			name = Release;
		};
/* End XCBuildConfiguration section */

/* Begin XCConfigurationList section */
		5BE667DA20B6A66F00720EAA /* Build configuration list for PBXProject "SwiftCodable" */ = {
			isa = XCConfigurationList;
			buildConfigurations = (
				5BE667EF20B6A67200720EAA /* Debug */,
				5BE667F020B6A67200720EAA /* Release */,
			);
			defaultConfigurationIsVisible = 0;
			defaultConfigurationName = Release;
		};
		5BE667F120B6A67200720EAA /* Build configuration list for PBXNativeTarget "SwiftCodable" */ = {
			isa = XCConfigurationList;
			buildConfigurations = (
				5BE667F220B6A67200720EAA /* Debug */,
				5BE667F320B6A67200720EAA /* Release */,
			);
			defaultConfigurationIsVisible = 0;
			defaultConfigurationName = Release;
		};
/* End XCConfigurationList section */
	};
	rootObject = 5BE667D720B6A66F00720EAA /* Project object */;
}
