PODS:
  - Alamofire (4.7.3)
  - Hue (3.0.1)
  - IQKeyboardManagerSwift (6.1.1)
  - Kingfisher (4.8.0)
  - Moya (11.0.2):
    - Moya/Core (= 11.0.2)
  - Moya/Core (11.0.2):
    - Alamofire (~> 4.1)
    - Result (~> 3.0)
  - PullToRefreshKit (0.8.6)
  - Result (3.2.4)
  - SnapKit (4.0.0)

DEPENDENCIES:
  - Hue (~> 3.0.1)
  - IQKeyboardManagerSwift (= 6.1.1)
  - Kingfisher (~> 4.8.0)
  - Moya (~> 11.0.2)
  - PullToRefreshKit (~> 0.8.6)
  - SnapKit (~> 4.0.0)

SPEC REPOS:
  https://github.com/cocoapods/specs.git:
    - Alamofire
    - Hue
    - IQKeyboardManagerSwift
    - Kingfisher
    - Moya
    - PullToRefreshKit
    - Result
    - SnapKit

SPEC CHECKSUMS:
  Alamofire: c7287b6e5d7da964a70935e5db17046b7fde6568
  Hue: 93e852fa6211ab35922ad8c293f51c43d6c79eb2
  IQKeyboardManagerSwift: 977affaeb4d6e971975c7790a6850f31d38f1207
  Kingfisher: 976d828df2b24834c6a3f2fc4d82cdbd26552be1
  Moya: a725035953bc1c0eb1be505ab903984501d82440
  PullToRefreshKit: 172df52ab9c6cb2c1d4b1872b49f448d6291523f
  Result: d2d07204ce72856f1fd9130bbe42c35a7b0fea10
  SnapKit: a42d492c16e80209130a3379f73596c3454b7694

PODFILE CHECKSUM: ceb94be8ffc189b29dfc71215e302b916c9c2397

COCOAPODS: 1.5.3
